// !$*UTF8*$!
{
	archiveVersion = 1;
	classes = {
	};
	objectVersion = 56;
	objects = {

/* Begin PBXBuildFile section */
		6403C48B2B246CAB009D40DD /* DataSnapshotExtension.swift in Sources */ = {isa = PBXBuildFile; fileRef = 6403C48A2B246CAB009D40DD /* DataSnapshotExtension.swift */; };
		6403C48D2B247230009D40DD /* ListVavigationLoadedView.swift in Sources */ = {isa = PBXBuildFile; fileRef = 6403C48C2B247230009D40DD /* ListVavigationLoadedView.swift */; };
		6403C4912B24783D009D40DD /* ListNavigationConfirmationView.swift in Sources */ = {isa = PBXBuildFile; fileRef = 6403C4902B24783D009D40DD /* ListNavigationConfirmationView.swift */; };
		64867DE22AFADE790034583E /* MainTabView.swift in Sources */ = {isa = PBXBuildFile; fileRef = 64867DE12AFADE790034583E /* MainTabView.swift */; };
		64867DE52AFADF670034583E /* MyFriendsListsView.swift in Sources */ = {isa = PBXBuildFile; fileRef = 64867DE42AFADF670034583E /* MyFriendsListsView.swift */; };
		64867DE72AFADF6C0034583E /* MyFriendsListsViewModel.swift in Sources */ = {isa = PBXBuildFile; fileRef = 64867DE62AFADF6C0034583E /* MyFriendsListsViewModel.swift */; };
		64867DE92AFAE3720034583E /* SharedList.swift in Sources */ = {isa = PBXBuildFile; fileRef = 64867DE82AFAE3720034583E /* SharedList.swift */; };
		64867DEB2AFC1BBE0034583E /* MyFriendWishList.swift in Sources */ = {isa = PBXBuildFile; fileRef = 64867DEA2AFC1BBE0034583E /* MyFriendWishList.swift */; };
		64867DEE2AFC246E0034583E /* FriendListDetailViewModel.swift in Sources */ = {isa = PBXBuildFile; fileRef = 64867DED2AFC246E0034583E /* FriendListDetailViewModel.swift */; };
		64867DF02AFC24750034583E /* FriendListDetailView.swift in Sources */ = {isa = PBXBuildFile; fileRef = 64867DEF2AFC24750034583E /* FriendListDetailView.swift */; };
		6498DD632AE2B021001D18A4 /* WishListApp.swift in Sources */ = {isa = PBXBuildFile; fileRef = 6498DD622AE2B021001D18A4 /* WishListApp.swift */; };
		6498DD652AE2B021001D18A4 /* LoginStartView.swift in Sources */ = {isa = PBXBuildFile; fileRef = 6498DD642AE2B021001D18A4 /* LoginStartView.swift */; };
		6498DD672AE2B022001D18A4 /* Assets.xcassets in Resources */ = {isa = PBXBuildFile; fileRef = 6498DD662AE2B022001D18A4 /* Assets.xcassets */; };
		6498DD6A2AE2B022001D18A4 /* Preview Assets.xcassets in Resources */ = {isa = PBXBuildFile; fileRef = 6498DD692AE2B022001D18A4 /* Preview Assets.xcassets */; };
		6498DD722AE2B070001D18A4 /* LoginViewModel.swift in Sources */ = {isa = PBXBuildFile; fileRef = 6498DD712AE2B070001D18A4 /* LoginViewModel.swift */; };
		6498DD752AE2B2E2001D18A4 /* FirebaseAnalytics in Frameworks */ = {isa = PBXBuildFile; productRef = 6498DD742AE2B2E2001D18A4 /* FirebaseAnalytics */; };
		6498DD772AE2B2E2001D18A4 /* FirebaseAuth in Frameworks */ = {isa = PBXBuildFile; productRef = 6498DD762AE2B2E2001D18A4 /* FirebaseAuth */; };
		6498DD792AE2B2E2001D18A4 /* FirebaseDatabase in Frameworks */ = {isa = PBXBuildFile; productRef = 6498DD782AE2B2E2001D18A4 /* FirebaseDatabase */; };
		6498DD7B2AE2B524001D18A4 /* GoogleService-Info.plist in Resources */ = {isa = PBXBuildFile; fileRef = 6498DD7A2AE2B524001D18A4 /* GoogleService-Info.plist */; };
		6498DD7D2AE2B620001D18A4 /* AppState.swift in Sources */ = {isa = PBXBuildFile; fileRef = 6498DD7C2AE2B620001D18A4 /* AppState.swift */; };
		6498DD802AE2B6CD001D18A4 /* MyListsView.swift in Sources */ = {isa = PBXBuildFile; fileRef = 6498DD7F2AE2B6CD001D18A4 /* MyListsView.swift */; };
		6498DD822AE2B71D001D18A4 /* MyListsViewModel.swift in Sources */ = {isa = PBXBuildFile; fileRef = 6498DD812AE2B71D001D18A4 /* MyListsViewModel.swift */; };
		6498DD852AE2B95E001D18A4 /* ListCreationView.swift in Sources */ = {isa = PBXBuildFile; fileRef = 6498DD842AE2B95E001D18A4 /* ListCreationView.swift */; };
		6498DD872AE2B963001D18A4 /* ListCreationViewModel.swift in Sources */ = {isa = PBXBuildFile; fileRef = 6498DD862AE2B963001D18A4 /* ListCreationViewModel.swift */; };
		6498DD892AE2BE91001D18A4 /* FontExtension.swift in Sources */ = {isa = PBXBuildFile; fileRef = 6498DD882AE2BE91001D18A4 /* FontExtension.swift */; };
		6498DD8C2AE2BF0A001D18A4 /* CustomTextField.swift in Sources */ = {isa = PBXBuildFile; fileRef = 6498DD8B2AE2BF0A001D18A4 /* CustomTextField.swift */; };
		6498DD922AE2CA4A001D18A4 /* PresentList.swift in Sources */ = {isa = PBXBuildFile; fileRef = 6498DD912AE2CA4A001D18A4 /* PresentList.swift */; };
		6498DD9A2AE2CEDE001D18A4 /* UserResponse.swift in Sources */ = {isa = PBXBuildFile; fileRef = 6498DD992AE2CEDE001D18A4 /* UserResponse.swift */; };
		6498DD9C2AE2D1E1001D18A4 /* WishListResponse.swift in Sources */ = {isa = PBXBuildFile; fileRef = 6498DD9B2AE2D1E1001D18A4 /* WishListResponse.swift */; };
		6498DD9E2AE2D298001D18A4 /* ItemResponse.swift in Sources */ = {isa = PBXBuildFile; fileRef = 6498DD9D2AE2D298001D18A4 /* ItemResponse.swift */; };
		6498DDA12AE2D302001D18A4 /* FirebaseDatabaseDataSource.swift in Sources */ = {isa = PBXBuildFile; fileRef = 6498DDA02AE2D302001D18A4 /* FirebaseDatabaseDataSource.swift */; };
		6498DDA42AE31D1D001D18A4 /* WishListResponseMapper.swift in Sources */ = {isa = PBXBuildFile; fileRef = 6498DDA32AE31D1D001D18A4 /* WishListResponseMapper.swift */; };
		6498DDA62AE31DD3001D18A4 /* WishListPreviewCell.swift in Sources */ = {isa = PBXBuildFile; fileRef = 6498DDA52AE31DD3001D18A4 /* WishListPreviewCell.swift */; };
		6498DDA92AE31F5C001D18A4 /* ListDetailsView.swift in Sources */ = {isa = PBXBuildFile; fileRef = 6498DDA82AE31F5C001D18A4 /* ListDetailsView.swift */; };
		6498DDAB2AE31F62001D18A4 /* ListDetailsViewModel.swift in Sources */ = {isa = PBXBuildFile; fileRef = 6498DDAA2AE31F62001D18A4 /* ListDetailsViewModel.swift */; };
		6498DDB32AE54450001D18A4 /* ProfileViewModel.swift in Sources */ = {isa = PBXBuildFile; fileRef = 6498DDB22AE54450001D18A4 /* ProfileViewModel.swift */; };
		6498DDB52AE54455001D18A4 /* ProfileView.swift in Sources */ = {isa = PBXBuildFile; fileRef = 6498DDB42AE54455001D18A4 /* ProfileView.swift */; };
		6498DDB72AE54544001D18A4 /* FirebaseAuthDataSource.swift in Sources */ = {isa = PBXBuildFile; fileRef = 6498DDB62AE54544001D18A4 /* FirebaseAuthDataSource.swift */; };
		6498DDB92AE5632D001D18A4 /* ItemsListEditor.swift in Sources */ = {isa = PBXBuildFile; fileRef = 6498DDB82AE5632D001D18A4 /* ItemsListEditor.swift */; };
		6498DDBB2AE570F0001D18A4 /* Item.swift in Sources */ = {isa = PBXBuildFile; fileRef = 6498DDBA2AE570F0001D18A4 /* Item.swift */; };
		6498DDBE2AE57921001D18A4 /* ShareScreenViewModel.swift in Sources */ = {isa = PBXBuildFile; fileRef = 6498DDBD2AE57921001D18A4 /* ShareScreenViewModel.swift */; };
		6498DDC02AE57927001D18A4 /* ShareScreenView.swift in Sources */ = {isa = PBXBuildFile; fileRef = 6498DDBF2AE57927001D18A4 /* ShareScreenView.swift */; };
		6498DDC52AE5BE02001D18A4 /* User.swift in Sources */ = {isa = PBXBuildFile; fileRef = 6498DDC42AE5BE02001D18A4 /* User.swift */; };
		649C646B2B1DDD0B00C42F27 /* LoginNewAccountView.swift in Sources */ = {isa = PBXBuildFile; fileRef = 649C646A2B1DDD0B00C42F27 /* LoginNewAccountView.swift */; };
		649C646D2B1DE08700C42F27 /* SecondaryButton.swift in Sources */ = {isa = PBXBuildFile; fileRef = 649C646C2B1DE08700C42F27 /* SecondaryButton.swift */; };
		64A0EC012B20A27300F992D9 /* AppViewModel.swift in Sources */ = {isa = PBXBuildFile; fileRef = 64A0EC002B20A27300F992D9 /* AppViewModel.swift */; };
		64A0EC042B20A76700F992D9 /* ListInvitationView.swift in Sources */ = {isa = PBXBuildFile; fileRef = 64A0EC032B20A76700F992D9 /* ListInvitationView.swift */; };
		64A0EC062B20A91700F992D9 /* ListInvitationViewModel.swift in Sources */ = {isa = PBXBuildFile; fileRef = 64A0EC052B20A91700F992D9 /* ListInvitationViewModel.swift */; };
		64CBE18E2B0D5F8D00859BC1 /* UserResponseMapper.swift in Sources */ = {isa = PBXBuildFile; fileRef = 64CBE18D2B0D5F8D00859BC1 /* UserResponseMapper.swift */; };
		64CBE1912B0DDF8C00859BC1 /* OfferedItemsView.swift in Sources */ = {isa = PBXBuildFile; fileRef = 64CBE1902B0DDF8C00859BC1 /* OfferedItemsView.swift */; };
		64CBE1932B0DDFAF00859BC1 /* OfferedItemsViewModel.swift in Sources */ = {isa = PBXBuildFile; fileRef = 64CBE1922B0DDFAF00859BC1 /* OfferedItemsViewModel.swift */; };
		64CBE1952B0DE08F00859BC1 /* ShopItem.swift in Sources */ = {isa = PBXBuildFile; fileRef = 64CBE1942B0DE08F00859BC1 /* ShopItem.swift */; };
		64E35A712B1C713100EC1113 /* Colors.xcassets in Resources */ = {isa = PBXBuildFile; fileRef = 64E35A702B1C713100EC1113 /* Colors.xcassets */; };
		64E35A822B1C78E900EC1113 /* Roboto-Thin.ttf in Resources */ = {isa = PBXBuildFile; fileRef = 64E35A762B1C78E900EC1113 /* Roboto-Thin.ttf */; };
		64E35A832B1C78E900EC1113 /* Roboto-BoldItalic.ttf in Resources */ = {isa = PBXBuildFile; fileRef = 64E35A772B1C78E900EC1113 /* Roboto-BoldItalic.ttf */; };
		64E35A842B1C78E900EC1113 /* Roboto-Medium.ttf in Resources */ = {isa = PBXBuildFile; fileRef = 64E35A782B1C78E900EC1113 /* Roboto-Medium.ttf */; };
		64E35A852B1C78E900EC1113 /* Roboto-MediumItalic.ttf in Resources */ = {isa = PBXBuildFile; fileRef = 64E35A792B1C78E900EC1113 /* Roboto-MediumItalic.ttf */; };
		64E35A862B1C78E900EC1113 /* Roboto-ThinItalic.ttf in Resources */ = {isa = PBXBuildFile; fileRef = 64E35A7A2B1C78E900EC1113 /* Roboto-ThinItalic.ttf */; };
		64E35A872B1C78E900EC1113 /* Roboto-BlackItalic.ttf in Resources */ = {isa = PBXBuildFile; fileRef = 64E35A7B2B1C78E900EC1113 /* Roboto-BlackItalic.ttf */; };
		64E35A882B1C78E900EC1113 /* Roboto-Black.ttf in Resources */ = {isa = PBXBuildFile; fileRef = 64E35A7C2B1C78E900EC1113 /* Roboto-Black.ttf */; };
		64E35A892B1C78E900EC1113 /* Roboto-Italic.ttf in Resources */ = {isa = PBXBuildFile; fileRef = 64E35A7D2B1C78E900EC1113 /* Roboto-Italic.ttf */; };
		64E35A8A2B1C78E900EC1113 /* Roboto-Bold.ttf in Resources */ = {isa = PBXBuildFile; fileRef = 64E35A7E2B1C78E900EC1113 /* Roboto-Bold.ttf */; };
		64E35A8B2B1C78E900EC1113 /* Roboto-LightItalic.ttf in Resources */ = {isa = PBXBuildFile; fileRef = 64E35A7F2B1C78E900EC1113 /* Roboto-LightItalic.ttf */; };
		64E35A8C2B1C78E900EC1113 /* Roboto-Regular.ttf in Resources */ = {isa = PBXBuildFile; fileRef = 64E35A802B1C78E900EC1113 /* Roboto-Regular.ttf */; };
		64E35A8D2B1C78E900EC1113 /* Roboto-Light.ttf in Resources */ = {isa = PBXBuildFile; fileRef = 64E35A812B1C78E900EC1113 /* Roboto-Light.ttf */; };
		64E35A902B1C7B3E00EC1113 /* MainButton.swift in Sources */ = {isa = PBXBuildFile; fileRef = 64E35A8F2B1C7B3E00EC1113 /* MainButton.swift */; };
/* End PBXBuildFile section */

/* Begin PBXFileReference section */
		6403C48A2B246CAB009D40DD /* DataSnapshotExtension.swift */ = {isa = PBXFileReference; lastKnownFileType = sourcecode.swift; path = DataSnapshotExtension.swift; sourceTree = "<group>"; };
		6403C48C2B247230009D40DD /* ListVavigationLoadedView.swift */ = {isa = PBXFileReference; lastKnownFileType = sourcecode.swift; path = ListVavigationLoadedView.swift; sourceTree = "<group>"; };
		6403C4902B24783D009D40DD /* ListNavigationConfirmationView.swift */ = {isa = PBXFileReference; lastKnownFileType = sourcecode.swift; path = ListNavigationConfirmationView.swift; sourceTree = "<group>"; };
		64867DE12AFADE790034583E /* MainTabView.swift */ = {isa = PBXFileReference; lastKnownFileType = sourcecode.swift; path = MainTabView.swift; sourceTree = "<group>"; };
		64867DE42AFADF670034583E /* MyFriendsListsView.swift */ = {isa = PBXFileReference; lastKnownFileType = sourcecode.swift; path = MyFriendsListsView.swift; sourceTree = "<group>"; };
		64867DE62AFADF6C0034583E /* MyFriendsListsViewModel.swift */ = {isa = PBXFileReference; lastKnownFileType = sourcecode.swift; path = MyFriendsListsViewModel.swift; sourceTree = "<group>"; };
		64867DE82AFAE3720034583E /* SharedList.swift */ = {isa = PBXFileReference; lastKnownFileType = sourcecode.swift; path = SharedList.swift; sourceTree = "<group>"; };
		64867DEA2AFC1BBE0034583E /* MyFriendWishList.swift */ = {isa = PBXFileReference; lastKnownFileType = sourcecode.swift; path = MyFriendWishList.swift; sourceTree = "<group>"; };
		64867DED2AFC246E0034583E /* FriendListDetailViewModel.swift */ = {isa = PBXFileReference; lastKnownFileType = sourcecode.swift; path = FriendListDetailViewModel.swift; sourceTree = "<group>"; };
		64867DEF2AFC24750034583E /* FriendListDetailView.swift */ = {isa = PBXFileReference; lastKnownFileType = sourcecode.swift; path = FriendListDetailView.swift; sourceTree = "<group>"; };
		6498DD5F2AE2B021001D18A4 /* WishList.app */ = {isa = PBXFileReference; explicitFileType = wrapper.application; includeInIndex = 0; path = WishList.app; sourceTree = BUILT_PRODUCTS_DIR; };
		6498DD622AE2B021001D18A4 /* WishListApp.swift */ = {isa = PBXFileReference; lastKnownFileType = sourcecode.swift; path = WishListApp.swift; sourceTree = "<group>"; };
		6498DD642AE2B021001D18A4 /* LoginStartView.swift */ = {isa = PBXFileReference; lastKnownFileType = sourcecode.swift; path = LoginStartView.swift; sourceTree = "<group>"; };
		6498DD662AE2B022001D18A4 /* Assets.xcassets */ = {isa = PBXFileReference; lastKnownFileType = folder.assetcatalog; path = Assets.xcassets; sourceTree = "<group>"; };
		6498DD692AE2B022001D18A4 /* Preview Assets.xcassets */ = {isa = PBXFileReference; lastKnownFileType = folder.assetcatalog; path = "Preview Assets.xcassets"; sourceTree = "<group>"; };
		6498DD712AE2B070001D18A4 /* LoginViewModel.swift */ = {isa = PBXFileReference; lastKnownFileType = sourcecode.swift; path = LoginViewModel.swift; sourceTree = "<group>"; };
		6498DD7A2AE2B524001D18A4 /* GoogleService-Info.plist */ = {isa = PBXFileReference; fileEncoding = 4; lastKnownFileType = text.plist.xml; path = "GoogleService-Info.plist"; sourceTree = "<group>"; };
		6498DD7C2AE2B620001D18A4 /* AppState.swift */ = {isa = PBXFileReference; lastKnownFileType = sourcecode.swift; path = AppState.swift; sourceTree = "<group>"; };
		6498DD7F2AE2B6CD001D18A4 /* MyListsView.swift */ = {isa = PBXFileReference; lastKnownFileType = sourcecode.swift; path = MyListsView.swift; sourceTree = "<group>"; };
		6498DD812AE2B71D001D18A4 /* MyListsViewModel.swift */ = {isa = PBXFileReference; lastKnownFileType = sourcecode.swift; path = MyListsViewModel.swift; sourceTree = "<group>"; };
		6498DD842AE2B95E001D18A4 /* ListCreationView.swift */ = {isa = PBXFileReference; lastKnownFileType = sourcecode.swift; path = ListCreationView.swift; sourceTree = "<group>"; };
		6498DD862AE2B963001D18A4 /* ListCreationViewModel.swift */ = {isa = PBXFileReference; lastKnownFileType = sourcecode.swift; path = ListCreationViewModel.swift; sourceTree = "<group>"; };
		6498DD882AE2BE91001D18A4 /* FontExtension.swift */ = {isa = PBXFileReference; lastKnownFileType = sourcecode.swift; path = FontExtension.swift; sourceTree = "<group>"; };
		6498DD8B2AE2BF0A001D18A4 /* CustomTextField.swift */ = {isa = PBXFileReference; lastKnownFileType = sourcecode.swift; path = CustomTextField.swift; sourceTree = "<group>"; };
		6498DD912AE2CA4A001D18A4 /* PresentList.swift */ = {isa = PBXFileReference; lastKnownFileType = sourcecode.swift; path = PresentList.swift; sourceTree = "<group>"; };
		6498DD992AE2CEDE001D18A4 /* UserResponse.swift */ = {isa = PBXFileReference; lastKnownFileType = sourcecode.swift; path = UserResponse.swift; sourceTree = "<group>"; };
		6498DD9B2AE2D1E1001D18A4 /* WishListResponse.swift */ = {isa = PBXFileReference; lastKnownFileType = sourcecode.swift; path = WishListResponse.swift; sourceTree = "<group>"; };
		6498DD9D2AE2D298001D18A4 /* ItemResponse.swift */ = {isa = PBXFileReference; lastKnownFileType = sourcecode.swift; path = ItemResponse.swift; sourceTree = "<group>"; };
		6498DDA02AE2D302001D18A4 /* FirebaseDatabaseDataSource.swift */ = {isa = PBXFileReference; lastKnownFileType = sourcecode.swift; path = FirebaseDatabaseDataSource.swift; sourceTree = "<group>"; };
		6498DDA32AE31D1D001D18A4 /* WishListResponseMapper.swift */ = {isa = PBXFileReference; lastKnownFileType = sourcecode.swift; path = WishListResponseMapper.swift; sourceTree = "<group>"; };
		6498DDA52AE31DD3001D18A4 /* WishListPreviewCell.swift */ = {isa = PBXFileReference; lastKnownFileType = sourcecode.swift; path = WishListPreviewCell.swift; sourceTree = "<group>"; };
		6498DDA82AE31F5C001D18A4 /* ListDetailsView.swift */ = {isa = PBXFileReference; lastKnownFileType = sourcecode.swift; path = ListDetailsView.swift; sourceTree = "<group>"; };
		6498DDAA2AE31F62001D18A4 /* ListDetailsViewModel.swift */ = {isa = PBXFileReference; lastKnownFileType = sourcecode.swift; path = ListDetailsViewModel.swift; sourceTree = "<group>"; };
		6498DDB22AE54450001D18A4 /* ProfileViewModel.swift */ = {isa = PBXFileReference; lastKnownFileType = sourcecode.swift; path = ProfileViewModel.swift; sourceTree = "<group>"; };
		6498DDB42AE54455001D18A4 /* ProfileView.swift */ = {isa = PBXFileReference; lastKnownFileType = sourcecode.swift; path = ProfileView.swift; sourceTree = "<group>"; };
		6498DDB62AE54544001D18A4 /* FirebaseAuthDataSource.swift */ = {isa = PBXFileReference; lastKnownFileType = sourcecode.swift; path = FirebaseAuthDataSource.swift; sourceTree = "<group>"; };
		6498DDB82AE5632D001D18A4 /* ItemsListEditor.swift */ = {isa = PBXFileReference; lastKnownFileType = sourcecode.swift; path = ItemsListEditor.swift; sourceTree = "<group>"; };
		6498DDBA2AE570F0001D18A4 /* Item.swift */ = {isa = PBXFileReference; lastKnownFileType = sourcecode.swift; path = Item.swift; sourceTree = "<group>"; };
		6498DDBD2AE57921001D18A4 /* ShareScreenViewModel.swift */ = {isa = PBXFileReference; lastKnownFileType = sourcecode.swift; path = ShareScreenViewModel.swift; sourceTree = "<group>"; };
		6498DDBF2AE57927001D18A4 /* ShareScreenView.swift */ = {isa = PBXFileReference; lastKnownFileType = sourcecode.swift; path = ShareScreenView.swift; sourceTree = "<group>"; };
		6498DDC42AE5BE02001D18A4 /* User.swift */ = {isa = PBXFileReference; lastKnownFileType = sourcecode.swift; path = User.swift; sourceTree = "<group>"; };
		649C646A2B1DDD0B00C42F27 /* LoginNewAccountView.swift */ = {isa = PBXFileReference; lastKnownFileType = sourcecode.swift; path = LoginNewAccountView.swift; sourceTree = "<group>"; };
		649C646C2B1DE08700C42F27 /* SecondaryButton.swift */ = {isa = PBXFileReference; lastKnownFileType = sourcecode.swift; path = SecondaryButton.swift; sourceTree = "<group>"; };
		64A0EC002B20A27300F992D9 /* AppViewModel.swift */ = {isa = PBXFileReference; lastKnownFileType = sourcecode.swift; path = AppViewModel.swift; sourceTree = "<group>"; };
		64A0EC032B20A76700F992D9 /* ListInvitationView.swift */ = {isa = PBXFileReference; lastKnownFileType = sourcecode.swift; path = ListInvitationView.swift; sourceTree = "<group>"; };
		64A0EC052B20A91700F992D9 /* ListInvitationViewModel.swift */ = {isa = PBXFileReference; lastKnownFileType = sourcecode.swift; path = ListInvitationViewModel.swift; sourceTree = "<group>"; };
		64CBE18D2B0D5F8D00859BC1 /* UserResponseMapper.swift */ = {isa = PBXFileReference; lastKnownFileType = sourcecode.swift; path = UserResponseMapper.swift; sourceTree = "<group>"; };
		64CBE1902B0DDF8C00859BC1 /* OfferedItemsView.swift */ = {isa = PBXFileReference; lastKnownFileType = sourcecode.swift; path = OfferedItemsView.swift; sourceTree = "<group>"; };
		64CBE1922B0DDFAF00859BC1 /* OfferedItemsViewModel.swift */ = {isa = PBXFileReference; lastKnownFileType = sourcecode.swift; path = OfferedItemsViewModel.swift; sourceTree = "<group>"; };
		64CBE1942B0DE08F00859BC1 /* ShopItem.swift */ = {isa = PBXFileReference; lastKnownFileType = sourcecode.swift; path = ShopItem.swift; sourceTree = "<group>"; };
		64E35A702B1C713100EC1113 /* Colors.xcassets */ = {isa = PBXFileReference; lastKnownFileType = folder.assetcatalog; path = Colors.xcassets; sourceTree = "<group>"; };
		64E35A752B1C771B00EC1113 /* Info.plist */ = {isa = PBXFileReference; lastKnownFileType = text.plist; path = Info.plist; sourceTree = "<group>"; };
		64E35A762B1C78E900EC1113 /* Roboto-Thin.ttf */ = {isa = PBXFileReference; lastKnownFileType = file; path = "Roboto-Thin.ttf"; sourceTree = "<group>"; };
		64E35A772B1C78E900EC1113 /* Roboto-BoldItalic.ttf */ = {isa = PBXFileReference; lastKnownFileType = file; path = "Roboto-BoldItalic.ttf"; sourceTree = "<group>"; };
		64E35A782B1C78E900EC1113 /* Roboto-Medium.ttf */ = {isa = PBXFileReference; lastKnownFileType = file; path = "Roboto-Medium.ttf"; sourceTree = "<group>"; };
		64E35A792B1C78E900EC1113 /* Roboto-MediumItalic.ttf */ = {isa = PBXFileReference; lastKnownFileType = file; path = "Roboto-MediumItalic.ttf"; sourceTree = "<group>"; };
		64E35A7A2B1C78E900EC1113 /* Roboto-ThinItalic.ttf */ = {isa = PBXFileReference; lastKnownFileType = file; path = "Roboto-ThinItalic.ttf"; sourceTree = "<group>"; };
		64E35A7B2B1C78E900EC1113 /* Roboto-BlackItalic.ttf */ = {isa = PBXFileReference; lastKnownFileType = file; path = "Roboto-BlackItalic.ttf"; sourceTree = "<group>"; };
		64E35A7C2B1C78E900EC1113 /* Roboto-Black.ttf */ = {isa = PBXFileReference; lastKnownFileType = file; path = "Roboto-Black.ttf"; sourceTree = "<group>"; };
		64E35A7D2B1C78E900EC1113 /* Roboto-Italic.ttf */ = {isa = PBXFileReference; lastKnownFileType = file; path = "Roboto-Italic.ttf"; sourceTree = "<group>"; };
		64E35A7E2B1C78E900EC1113 /* Roboto-Bold.ttf */ = {isa = PBXFileReference; lastKnownFileType = file; path = "Roboto-Bold.ttf"; sourceTree = "<group>"; };
		64E35A7F2B1C78E900EC1113 /* Roboto-LightItalic.ttf */ = {isa = PBXFileReference; lastKnownFileType = file; path = "Roboto-LightItalic.ttf"; sourceTree = "<group>"; };
		64E35A802B1C78E900EC1113 /* Roboto-Regular.ttf */ = {isa = PBXFileReference; lastKnownFileType = file; path = "Roboto-Regular.ttf"; sourceTree = "<group>"; };
		64E35A812B1C78E900EC1113 /* Roboto-Light.ttf */ = {isa = PBXFileReference; lastKnownFileType = file; path = "Roboto-Light.ttf"; sourceTree = "<group>"; };
		64E35A8F2B1C7B3E00EC1113 /* MainButton.swift */ = {isa = PBXFileReference; lastKnownFileType = sourcecode.swift; path = MainButton.swift; sourceTree = "<group>"; };
/* End PBXFileReference section */

/* Begin PBXFrameworksBuildPhase section */
		6498DD5C2AE2B021001D18A4 /* Frameworks */ = {
			isa = PBXFrameworksBuildPhase;
			buildActionMask = 2147483647;
			files = (
				6498DD792AE2B2E2001D18A4 /* FirebaseDatabase in Frameworks */,
				6498DD752AE2B2E2001D18A4 /* FirebaseAnalytics in Frameworks */,
				6498DD772AE2B2E2001D18A4 /* FirebaseAuth in Frameworks */,
			);
			runOnlyForDeploymentPostprocessing = 0;
		};
/* End PBXFrameworksBuildPhase section */

/* Begin PBXGroup section */
		64867DE32AFADF550034583E /* MyFriendsLists */ = {
			isa = PBXGroup;
			children = (
				64867DE42AFADF670034583E /* MyFriendsListsView.swift */,
				64867DE62AFADF6C0034583E /* MyFriendsListsViewModel.swift */,
				64867DEA2AFC1BBE0034583E /* MyFriendWishList.swift */,
			);
			path = MyFriendsLists;
			sourceTree = "<group>";
		};
		64867DEC2AFC245E0034583E /* FriendListDetail */ = {
			isa = PBXGroup;
			children = (
				64867DED2AFC246E0034583E /* FriendListDetailViewModel.swift */,
				64867DEF2AFC24750034583E /* FriendListDetailView.swift */,
			);
			path = FriendListDetail;
			sourceTree = "<group>";
		};
		6498DD562AE2B021001D18A4 = {
			isa = PBXGroup;
			children = (
				6498DD612AE2B021001D18A4 /* WishList */,
				6498DD602AE2B021001D18A4 /* Products */,
			);
			sourceTree = "<group>";
		};
		6498DD602AE2B021001D18A4 /* Products */ = {
			isa = PBXGroup;
			children = (
				6498DD5F2AE2B021001D18A4 /* WishList.app */,
			);
			name = Products;
			sourceTree = "<group>";
		};
		6498DD612AE2B021001D18A4 /* WishList */ = {
			isa = PBXGroup;
			children = (
				64E35A752B1C771B00EC1113 /* Info.plist */,
				6498DD932AE2CDF5001D18A4 /* Core */,
				6498DD942AE2CDFD001D18A4 /* Data */,
				6498DD952AE2CE00001D18A4 /* Domain */,
				6498DD962AE2CE0D001D18A4 /* Presentation */,
				6498DD682AE2B022001D18A4 /* Preview Content */,
			);
			path = WishList;
			sourceTree = "<group>";
		};
		6498DD682AE2B022001D18A4 /* Preview Content */ = {
			isa = PBXGroup;
			children = (
				6498DD692AE2B022001D18A4 /* Preview Assets.xcassets */,
			);
			path = "Preview Content";
			sourceTree = "<group>";
		};
		6498DD702AE2B05B001D18A4 /* Login */ = {
			isa = PBXGroup;
			children = (
				6498DD642AE2B021001D18A4 /* LoginStartView.swift */,
				6498DD712AE2B070001D18A4 /* LoginViewModel.swift */,
				649C646A2B1DDD0B00C42F27 /* LoginNewAccountView.swift */,
			);
			path = Login;
			sourceTree = "<group>";
		};
		6498DD7E2AE2B6C2001D18A4 /* MyLists */ = {
			isa = PBXGroup;
			children = (
				6498DD7F2AE2B6CD001D18A4 /* MyListsView.swift */,
				6498DD812AE2B71D001D18A4 /* MyListsViewModel.swift */,
				6498DDA52AE31DD3001D18A4 /* WishListPreviewCell.swift */,
			);
			path = MyLists;
			sourceTree = "<group>";
		};
		6498DD832AE2B94A001D18A4 /* ListCreation */ = {
			isa = PBXGroup;
			children = (
				6498DD842AE2B95E001D18A4 /* ListCreationView.swift */,
				6498DD862AE2B963001D18A4 /* ListCreationViewModel.swift */,
			);
			path = ListCreation;
			sourceTree = "<group>";
		};
		6498DD8A2AE2BF01001D18A4 /* Components */ = {
			isa = PBXGroup;
			children = (
				6498DD8B2AE2BF0A001D18A4 /* CustomTextField.swift */,
				6498DDB82AE5632D001D18A4 /* ItemsListEditor.swift */,
				64E35A8F2B1C7B3E00EC1113 /* MainButton.swift */,
				649C646C2B1DE08700C42F27 /* SecondaryButton.swift */,
			);
			path = Components;
			sourceTree = "<group>";
		};
		6498DD932AE2CDF5001D18A4 /* Core */ = {
			isa = PBXGroup;
			children = (
				64E35A722B1C76EF00EC1113 /* Fonts */,
				6498DD662AE2B022001D18A4 /* Assets.xcassets */,
				64E35A702B1C713100EC1113 /* Colors.xcassets */,
				6498DD7C2AE2B620001D18A4 /* AppState.swift */,
				6498DD882AE2BE91001D18A4 /* FontExtension.swift */,
				6498DD7A2AE2B524001D18A4 /* GoogleService-Info.plist */,
				6403C48A2B246CAB009D40DD /* DataSnapshotExtension.swift */,
			);
			path = Core;
			sourceTree = "<group>";
		};
		6498DD942AE2CDFD001D18A4 /* Data */ = {
			isa = PBXGroup;
			children = (
				6498DD9F2AE2D2BB001D18A4 /* Datasource */,
				6498DDA22AE31CFE001D18A4 /* Mapper */,
				6498DD982AE2CECE001D18A4 /* Response */,
			);
			path = Data;
			sourceTree = "<group>";
		};
		6498DD952AE2CE00001D18A4 /* Domain */ = {
			isa = PBXGroup;
			children = (
				6498DD972AE2CEAA001D18A4 /* Model */,
			);
			path = Domain;
			sourceTree = "<group>";
		};
		6498DD962AE2CE0D001D18A4 /* Presentation */ = {
			isa = PBXGroup;
			children = (
				64A0EBFF2B20A26100F992D9 /* App */,
				64CBE18F2B0DDF7000859BC1 /* OfferedItems */,
				64867DEC2AFC245E0034583E /* FriendListDetail */,
				64867DE32AFADF550034583E /* MyFriendsLists */,
				6498DD8A2AE2BF01001D18A4 /* Components */,
				6498DD7E2AE2B6C2001D18A4 /* MyLists */,
				6498DD832AE2B94A001D18A4 /* ListCreation */,
				6498DDA72AE31F47001D18A4 /* ListDetails */,
				6498DD702AE2B05B001D18A4 /* Login */,
				6498DDB12AE54414001D18A4 /* Profile */,
				6498DDBC2AE5790E001D18A4 /* ShareScreen */,
				64A0EC022B20A74900F992D9 /* ListInvitation */,
				64867DE12AFADE790034583E /* MainTabView.swift */,
			);
			path = Presentation;
			sourceTree = "<group>";
		};
		6498DD972AE2CEAA001D18A4 /* Model */ = {
			isa = PBXGroup;
			children = (
				6498DD912AE2CA4A001D18A4 /* PresentList.swift */,
				6498DDBA2AE570F0001D18A4 /* Item.swift */,
				6498DDC42AE5BE02001D18A4 /* User.swift */,
				64867DE82AFAE3720034583E /* SharedList.swift */,
				64CBE1942B0DE08F00859BC1 /* ShopItem.swift */,
			);
			path = Model;
			sourceTree = "<group>";
		};
		6498DD982AE2CECE001D18A4 /* Response */ = {
			isa = PBXGroup;
			children = (
				6498DD9D2AE2D298001D18A4 /* ItemResponse.swift */,
				6498DD992AE2CEDE001D18A4 /* UserResponse.swift */,
				6498DD9B2AE2D1E1001D18A4 /* WishListResponse.swift */,
			);
			path = Response;
			sourceTree = "<group>";
		};
		6498DD9F2AE2D2BB001D18A4 /* Datasource */ = {
			isa = PBXGroup;
			children = (
				6498DDA02AE2D302001D18A4 /* FirebaseDatabaseDataSource.swift */,
				6498DDB62AE54544001D18A4 /* FirebaseAuthDataSource.swift */,
			);
			path = Datasource;
			sourceTree = "<group>";
		};
		6498DDA22AE31CFE001D18A4 /* Mapper */ = {
			isa = PBXGroup;
			children = (
				6498DDA32AE31D1D001D18A4 /* WishListResponseMapper.swift */,
				64CBE18D2B0D5F8D00859BC1 /* UserResponseMapper.swift */,
			);
			path = Mapper;
			sourceTree = "<group>";
		};
		6498DDA72AE31F47001D18A4 /* ListDetails */ = {
			isa = PBXGroup;
			children = (
				6498DDA82AE31F5C001D18A4 /* ListDetailsView.swift */,
				6498DDAA2AE31F62001D18A4 /* ListDetailsViewModel.swift */,
			);
			path = ListDetails;
			sourceTree = "<group>";
		};
		6498DDB12AE54414001D18A4 /* Profile */ = {
			isa = PBXGroup;
			children = (
				6498DDB22AE54450001D18A4 /* ProfileViewModel.swift */,
				6498DDB42AE54455001D18A4 /* ProfileView.swift */,
			);
			path = Profile;
			sourceTree = "<group>";
		};
		6498DDBC2AE5790E001D18A4 /* ShareScreen */ = {
			isa = PBXGroup;
			children = (
				6498DDBD2AE57921001D18A4 /* ShareScreenViewModel.swift */,
				6498DDBF2AE57927001D18A4 /* ShareScreenView.swift */,
			);
			path = ShareScreen;
			sourceTree = "<group>";
		};
		64A0EBFF2B20A26100F992D9 /* App */ = {
			isa = PBXGroup;
			children = (
				6498DD622AE2B021001D18A4 /* WishListApp.swift */,
				64A0EC002B20A27300F992D9 /* AppViewModel.swift */,
			);
			path = App;
			sourceTree = "<group>";
		};
		64A0EC022B20A74900F992D9 /* ListInvitation */ = {
			isa = PBXGroup;
			children = (
				64A0EC032B20A76700F992D9 /* ListInvitationView.swift */,
				64A0EC052B20A91700F992D9 /* ListInvitationViewModel.swift */,
				6403C48C2B247230009D40DD /* ListVavigationLoadedView.swift */,
				6403C4902B24783D009D40DD /* ListNavigationConfirmationView.swift */,
			);
			path = ListInvitation;
			sourceTree = "<group>";
		};
		64CBE18F2B0DDF7000859BC1 /* OfferedItems */ = {
			isa = PBXGroup;
			children = (
				64CBE1902B0DDF8C00859BC1 /* OfferedItemsView.swift */,
				64CBE1922B0DDFAF00859BC1 /* OfferedItemsViewModel.swift */,
			);
			path = OfferedItems;
			sourceTree = "<group>";
		};
		64E35A722B1C76EF00EC1113 /* Fonts */ = {
			isa = PBXGroup;
			children = (
				64E35A7C2B1C78E900EC1113 /* Roboto-Black.ttf */,
				64E35A7B2B1C78E900EC1113 /* Roboto-BlackItalic.ttf */,
				64E35A7E2B1C78E900EC1113 /* Roboto-Bold.ttf */,
				64E35A772B1C78E900EC1113 /* Roboto-BoldItalic.ttf */,
				64E35A7D2B1C78E900EC1113 /* Roboto-Italic.ttf */,
				64E35A812B1C78E900EC1113 /* Roboto-Light.ttf */,
				64E35A7F2B1C78E900EC1113 /* Roboto-LightItalic.ttf */,
				64E35A782B1C78E900EC1113 /* Roboto-Medium.ttf */,
				64E35A792B1C78E900EC1113 /* Roboto-MediumItalic.ttf */,
				64E35A802B1C78E900EC1113 /* Roboto-Regular.ttf */,
				64E35A762B1C78E900EC1113 /* Roboto-Thin.ttf */,
				64E35A7A2B1C78E900EC1113 /* Roboto-ThinItalic.ttf */,
			);
			path = Fonts;
			sourceTree = "<group>";
		};
/* End PBXGroup section */

/* Begin PBXNativeTarget section */
		6498DD5E2AE2B021001D18A4 /* WishList */ = {
			isa = PBXNativeTarget;
			buildConfigurationList = 6498DD6D2AE2B022001D18A4 /* Build configuration list for PBXNativeTarget "WishList" */;
			buildPhases = (
				6498DD5B2AE2B021001D18A4 /* Sources */,
				6498DD5C2AE2B021001D18A4 /* Frameworks */,
				6498DD5D2AE2B021001D18A4 /* Resources */,
			);
			buildRules = (
			);
			dependencies = (
			);
			name = WishList;
			packageProductDependencies = (
				6498DD742AE2B2E2001D18A4 /* FirebaseAnalytics */,
				6498DD762AE2B2E2001D18A4 /* FirebaseAuth */,
				6498DD782AE2B2E2001D18A4 /* FirebaseDatabase */,
			);
			productName = WishList;
			productReference = 6498DD5F2AE2B021001D18A4 /* WishList.app */;
			productType = "com.apple.product-type.application";
		};
/* End PBXNativeTarget section */

/* Begin PBXProject section */
		6498DD572AE2B021001D18A4 /* Project object */ = {
			isa = PBXProject;
			attributes = {
				BuildIndependentTargetsInParallel = 1;
				LastSwiftUpdateCheck = 1500;
				LastUpgradeCheck = 1500;
				TargetAttributes = {
					6498DD5E2AE2B021001D18A4 = {
						CreatedOnToolsVersion = 15.0;
					};
				};
			};
			buildConfigurationList = 6498DD5A2AE2B021001D18A4 /* Build configuration list for PBXProject "WishList" */;
			compatibilityVersion = "Xcode 14.0";
			developmentRegion = en;
			hasScannedForEncodings = 0;
			knownRegions = (
				en,
				Base,
			);
			mainGroup = 6498DD562AE2B021001D18A4;
			packageReferences = (
				6498DD732AE2B2E2001D18A4 /* XCRemoteSwiftPackageReference "firebase-ios-sdk" */,
			);
			productRefGroup = 6498DD602AE2B021001D18A4 /* Products */;
			projectDirPath = "";
			projectRoot = "";
			targets = (
				6498DD5E2AE2B021001D18A4 /* WishList */,
			);
		};
/* End PBXProject section */

/* Begin PBXResourcesBuildPhase section */
		6498DD5D2AE2B021001D18A4 /* Resources */ = {
			isa = PBXResourcesBuildPhase;
			buildActionMask = 2147483647;
			files = (
				64E35A8A2B1C78E900EC1113 /* Roboto-Bold.ttf in Resources */,
				64E35A862B1C78E900EC1113 /* Roboto-ThinItalic.ttf in Resources */,
				64E35A8C2B1C78E900EC1113 /* Roboto-Regular.ttf in Resources */,
				64E35A8B2B1C78E900EC1113 /* Roboto-LightItalic.ttf in Resources */,
				64E35A842B1C78E900EC1113 /* Roboto-Medium.ttf in Resources */,
				64E35A712B1C713100EC1113 /* Colors.xcassets in Resources */,
				6498DD6A2AE2B022001D18A4 /* Preview Assets.xcassets in Resources */,
				64E35A822B1C78E900EC1113 /* Roboto-Thin.ttf in Resources */,
				64E35A892B1C78E900EC1113 /* Roboto-Italic.ttf in Resources */,
				64E35A872B1C78E900EC1113 /* Roboto-BlackItalic.ttf in Resources */,
				6498DD672AE2B022001D18A4 /* Assets.xcassets in Resources */,
				64E35A8D2B1C78E900EC1113 /* Roboto-Light.ttf in Resources */,
				64E35A832B1C78E900EC1113 /* Roboto-BoldItalic.ttf in Resources */,
				64E35A852B1C78E900EC1113 /* Roboto-MediumItalic.ttf in Resources */,
				6498DD7B2AE2B524001D18A4 /* GoogleService-Info.plist in Resources */,
				64E35A882B1C78E900EC1113 /* Roboto-Black.ttf in Resources */,
			);
			runOnlyForDeploymentPostprocessing = 0;
		};
/* End PBXResourcesBuildPhase section */

/* Begin PBXSourcesBuildPhase section */
		6498DD5B2AE2B021001D18A4 /* Sources */ = {
			isa = PBXSourcesBuildPhase;
			buildActionMask = 2147483647;
			files = (
				6498DD9A2AE2CEDE001D18A4 /* UserResponse.swift in Sources */,
				6403C4912B24783D009D40DD /* ListNavigationConfirmationView.swift in Sources */,
				64CBE1912B0DDF8C00859BC1 /* OfferedItemsView.swift in Sources */,
				64A0EC012B20A27300F992D9 /* AppViewModel.swift in Sources */,
				6498DD652AE2B021001D18A4 /* LoginStartView.swift in Sources */,
				64867DEB2AFC1BBE0034583E /* MyFriendWishList.swift in Sources */,
				64E35A902B1C7B3E00EC1113 /* MainButton.swift in Sources */,
				64867DF02AFC24750034583E /* FriendListDetailView.swift in Sources */,
				6498DD822AE2B71D001D18A4 /* MyListsViewModel.swift in Sources */,
				64867DE72AFADF6C0034583E /* MyFriendsListsViewModel.swift in Sources */,
				6498DDA92AE31F5C001D18A4 /* ListDetailsView.swift in Sources */,
				64CBE1952B0DE08F00859BC1 /* ShopItem.swift in Sources */,
				6403C48D2B247230009D40DD /* ListVavigationLoadedView.swift in Sources */,
				6498DDA42AE31D1D001D18A4 /* WishListResponseMapper.swift in Sources */,
				6498DDBB2AE570F0001D18A4 /* Item.swift in Sources */,
				64867DE22AFADE790034583E /* MainTabView.swift in Sources */,
				649C646B2B1DDD0B00C42F27 /* LoginNewAccountView.swift in Sources */,
				64A0EC042B20A76700F992D9 /* ListInvitationView.swift in Sources */,
				6498DDB92AE5632D001D18A4 /* ItemsListEditor.swift in Sources */,
				6498DD852AE2B95E001D18A4 /* ListCreationView.swift in Sources */,
				6498DDB32AE54450001D18A4 /* ProfileViewModel.swift in Sources */,
				6498DD8C2AE2BF0A001D18A4 /* CustomTextField.swift in Sources */,
				649C646D2B1DE08700C42F27 /* SecondaryButton.swift in Sources */,
				64867DEE2AFC246E0034583E /* FriendListDetailViewModel.swift in Sources */,
				6498DD872AE2B963001D18A4 /* ListCreationViewModel.swift in Sources */,
				64CBE1932B0DDFAF00859BC1 /* OfferedItemsViewModel.swift in Sources */,
				6498DDA12AE2D302001D18A4 /* FirebaseDatabaseDataSource.swift in Sources */,
				6498DD9C2AE2D1E1001D18A4 /* WishListResponse.swift in Sources */,
				64CBE18E2B0D5F8D00859BC1 /* UserResponseMapper.swift in Sources */,
				6498DD632AE2B021001D18A4 /* WishListApp.swift in Sources */,
				6498DDB72AE54544001D18A4 /* FirebaseAuthDataSource.swift in Sources */,
				6498DDAB2AE31F62001D18A4 /* ListDetailsViewModel.swift in Sources */,
				6498DD722AE2B070001D18A4 /* LoginViewModel.swift in Sources */,
				6498DDA62AE31DD3001D18A4 /* WishListPreviewCell.swift in Sources */,
				6498DDC02AE57927001D18A4 /* ShareScreenView.swift in Sources */,
				64A0EC062B20A91700F992D9 /* ListInvitationViewModel.swift in Sources */,
				6498DD892AE2BE91001D18A4 /* FontExtension.swift in Sources */,
				6498DDC52AE5BE02001D18A4 /* User.swift in Sources */,
				6498DD802AE2B6CD001D18A4 /* MyListsView.swift in Sources */,
				6403C48B2B246CAB009D40DD /* DataSnapshotExtension.swift in Sources */,
				6498DD922AE2CA4A001D18A4 /* PresentList.swift in Sources */,
				6498DD7D2AE2B620001D18A4 /* AppState.swift in Sources */,
				6498DDB52AE54455001D18A4 /* ProfileView.swift in Sources */,
				6498DDBE2AE57921001D18A4 /* ShareScreenViewModel.swift in Sources */,
				64867DE52AFADF670034583E /* MyFriendsListsView.swift in Sources */,
				64867DE92AFAE3720034583E /* SharedList.swift in Sources */,
				6498DD9E2AE2D298001D18A4 /* ItemResponse.swift in Sources */,
			);
			runOnlyForDeploymentPostprocessing = 0;
		};
/* End PBXSourcesBuildPhase section */

/* Begin XCBuildConfiguration section */
		6498DD6B2AE2B022001D18A4 /* Debug */ = {
			isa = XCBuildConfiguration;
			buildSettings = {
				ALWAYS_SEARCH_USER_PATHS = NO;
				ASSETCATALOG_COMPILER_GENERATE_SWIFT_ASSET_SYMBOL_EXTENSIONS = YES;
				CLANG_ANALYZER_NONNULL = YES;
				CLANG_ANALYZER_NUMBER_OBJECT_CONVERSION = YES_AGGRESSIVE;
				CLANG_CXX_LANGUAGE_STANDARD = "gnu++20";
				CLANG_ENABLE_MODULES = YES;
				CLANG_ENABLE_OBJC_ARC = YES;
				CLANG_ENABLE_OBJC_WEAK = YES;
				CLANG_WARN_BLOCK_CAPTURE_AUTORELEASING = YES;
				CLANG_WARN_BOOL_CONVERSION = YES;
				CLANG_WARN_COMMA = YES;
				CLANG_WARN_CONSTANT_CONVERSION = YES;
				CLANG_WARN_DEPRECATED_OBJC_IMPLEMENTATIONS = YES;
				CLANG_WARN_DIRECT_OBJC_ISA_USAGE = YES_ERROR;
				CLANG_WARN_DOCUMENTATION_COMMENTS = YES;
				CLANG_WARN_EMPTY_BODY = YES;
				CLANG_WARN_ENUM_CONVERSION = YES;
				CLANG_WARN_INFINITE_RECURSION = YES;
				CLANG_WARN_INT_CONVERSION = YES;
				CLANG_WARN_NON_LITERAL_NULL_CONVERSION = YES;
				CLANG_WARN_OBJC_IMPLICIT_RETAIN_SELF = YES;
				CLANG_WARN_OBJC_LITERAL_CONVERSION = YES;
				CLANG_WARN_OBJC_ROOT_CLASS = YES_ERROR;
				CLANG_WARN_QUOTED_INCLUDE_IN_FRAMEWORK_HEADER = YES;
				CLANG_WARN_RANGE_LOOP_ANALYSIS = YES;
				CLANG_WARN_STRICT_PROTOTYPES = YES;
				CLANG_WARN_SUSPICIOUS_MOVE = YES;
				CLANG_WARN_UNGUARDED_AVAILABILITY = YES_AGGRESSIVE;
				CLANG_WARN_UNREACHABLE_CODE = YES;
				CLANG_WARN__DUPLICATE_METHOD_MATCH = YES;
				COPY_PHASE_STRIP = NO;
				DEBUG_INFORMATION_FORMAT = dwarf;
				ENABLE_STRICT_OBJC_MSGSEND = YES;
				ENABLE_TESTABILITY = YES;
				ENABLE_USER_SCRIPT_SANDBOXING = YES;
				GCC_C_LANGUAGE_STANDARD = gnu17;
				GCC_DYNAMIC_NO_PIC = NO;
				GCC_NO_COMMON_BLOCKS = YES;
				GCC_OPTIMIZATION_LEVEL = 0;
				GCC_PREPROCESSOR_DEFINITIONS = (
					"DEBUG=1",
					"$(inherited)",
				);
				GCC_WARN_64_TO_32_BIT_CONVERSION = YES;
				GCC_WARN_ABOUT_RETURN_TYPE = YES_ERROR;
				GCC_WARN_UNDECLARED_SELECTOR = YES;
				GCC_WARN_UNINITIALIZED_AUTOS = YES_AGGRESSIVE;
				GCC_WARN_UNUSED_FUNCTION = YES;
				GCC_WARN_UNUSED_VARIABLE = YES;
				IPHONEOS_DEPLOYMENT_TARGET = 17.0;
				LOCALIZATION_PREFERS_STRING_CATALOGS = YES;
				MTL_ENABLE_DEBUG_INFO = INCLUDE_SOURCE;
				MTL_FAST_MATH = YES;
				ONLY_ACTIVE_ARCH = YES;
				SDKROOT = iphoneos;
				SWIFT_ACTIVE_COMPILATION_CONDITIONS = "DEBUG $(inherited)";
				SWIFT_OPTIMIZATION_LEVEL = "-Onone";
			};
			name = Debug;
		};
		6498DD6C2AE2B022001D18A4 /* Release */ = {
			isa = XCBuildConfiguration;
			buildSettings = {
				ALWAYS_SEARCH_USER_PATHS = NO;
				ASSETCATALOG_COMPILER_GENERATE_SWIFT_ASSET_SYMBOL_EXTENSIONS = YES;
				CLANG_ANALYZER_NONNULL = YES;
				CLANG_ANALYZER_NUMBER_OBJECT_CONVERSION = YES_AGGRESSIVE;
				CLANG_CXX_LANGUAGE_STANDARD = "gnu++20";
				CLANG_ENABLE_MODULES = YES;
				CLANG_ENABLE_OBJC_ARC = YES;
				CLANG_ENABLE_OBJC_WEAK = YES;
				CLANG_WARN_BLOCK_CAPTURE_AUTORELEASING = YES;
				CLANG_WARN_BOOL_CONVERSION = YES;
				CLANG_WARN_COMMA = YES;
				CLANG_WARN_CONSTANT_CONVERSION = YES;
				CLANG_WARN_DEPRECATED_OBJC_IMPLEMENTATIONS = YES;
				CLANG_WARN_DIRECT_OBJC_ISA_USAGE = YES_ERROR;
				CLANG_WARN_DOCUMENTATION_COMMENTS = YES;
				CLANG_WARN_EMPTY_BODY = YES;
				CLANG_WARN_ENUM_CONVERSION = YES;
				CLANG_WARN_INFINITE_RECURSION = YES;
				CLANG_WARN_INT_CONVERSION = YES;
				CLANG_WARN_NON_LITERAL_NULL_CONVERSION = YES;
				CLANG_WARN_OBJC_IMPLICIT_RETAIN_SELF = YES;
				CLANG_WARN_OBJC_LITERAL_CONVERSION = YES;
				CLANG_WARN_OBJC_ROOT_CLASS = YES_ERROR;
				CLANG_WARN_QUOTED_INCLUDE_IN_FRAMEWORK_HEADER = YES;
				CLANG_WARN_RANGE_LOOP_ANALYSIS = YES;
				CLANG_WARN_STRICT_PROTOTYPES = YES;
				CLANG_WARN_SUSPICIOUS_MOVE = YES;
				CLANG_WARN_UNGUARDED_AVAILABILITY = YES_AGGRESSIVE;
				CLANG_WARN_UNREACHABLE_CODE = YES;
				CLANG_WARN__DUPLICATE_METHOD_MATCH = YES;
				COPY_PHASE_STRIP = NO;
				DEBUG_INFORMATION_FORMAT = "dwarf-with-dsym";
				ENABLE_NS_ASSERTIONS = NO;
				ENABLE_STRICT_OBJC_MSGSEND = YES;
				ENABLE_USER_SCRIPT_SANDBOXING = YES;
				GCC_C_LANGUAGE_STANDARD = gnu17;
				GCC_NO_COMMON_BLOCKS = YES;
				GCC_WARN_64_TO_32_BIT_CONVERSION = YES;
				GCC_WARN_ABOUT_RETURN_TYPE = YES_ERROR;
				GCC_WARN_UNDECLARED_SELECTOR = YES;
				GCC_WARN_UNINITIALIZED_AUTOS = YES_AGGRESSIVE;
				GCC_WARN_UNUSED_FUNCTION = YES;
				GCC_WARN_UNUSED_VARIABLE = YES;
				IPHONEOS_DEPLOYMENT_TARGET = 17.0;
				LOCALIZATION_PREFERS_STRING_CATALOGS = YES;
				MTL_ENABLE_DEBUG_INFO = NO;
				MTL_FAST_MATH = YES;
				SDKROOT = iphoneos;
				SWIFT_COMPILATION_MODE = wholemodule;
				VALIDATE_PRODUCT = YES;
			};
			name = Release;
		};
		6498DD6E2AE2B022001D18A4 /* Debug */ = {
			isa = XCBuildConfiguration;
			buildSettings = {
				ASSETCATALOG_COMPILER_APPICON_NAME = AppIcon;
				ASSETCATALOG_COMPILER_GLOBAL_ACCENT_COLOR_NAME = AccentColor;
				CODE_SIGN_STYLE = Automatic;
				CURRENT_PROJECT_VERSION = 1;
				DEVELOPMENT_ASSET_PATHS = "\"WishList/Preview Content\"";
				DEVELOPMENT_TEAM = F3QT4Z4R2K;
				ENABLE_PREVIEWS = YES;
				GENERATE_INFOPLIST_FILE = YES;
				INFOPLIST_FILE = WishList/Info.plist;
				INFOPLIST_KEY_UIApplicationSceneManifest_Generation = YES;
				INFOPLIST_KEY_UIApplicationSupportsIndirectInputEvents = YES;
				INFOPLIST_KEY_UILaunchScreen_Generation = YES;
				INFOPLIST_KEY_UISupportedInterfaceOrientations_iPad = "UIInterfaceOrientationPortrait UIInterfaceOrientationPortraitUpsideDown UIInterfaceOrientationLandscapeLeft UIInterfaceOrientationLandscapeRight";
				INFOPLIST_KEY_UISupportedInterfaceOrientations_iPhone = "UIInterfaceOrientationPortrait UIInterfaceOrientationLandscapeLeft UIInterfaceOrientationLandscapeRight";
				LD_RUNPATH_SEARCH_PATHS = (
					"$(inherited)",
					"@executable_path/Frameworks",
				);
				MARKETING_VERSION = 1.0;
				PRODUCT_BUNDLE_IDENTIFIER = com.quentin.WishList;
				PRODUCT_NAME = "$(TARGET_NAME)";
				SWIFT_EMIT_LOC_STRINGS = YES;
				SWIFT_VERSION = 5.0;
				TARGETED_DEVICE_FAMILY = "1,2";
			};
			name = Debug;
		};
		6498DD6F2AE2B022001D18A4 /* Release */ = {
			isa = XCBuildConfiguration;
			buildSettings = {
				ASSETCATALOG_COMPILER_APPICON_NAME = AppIcon;
				ASSETCATALOG_COMPILER_GLOBAL_ACCENT_COLOR_NAME = AccentColor;
				CODE_SIGN_STYLE = Automatic;
				CURRENT_PROJECT_VERSION = 1;
				DEVELOPMENT_ASSET_PATHS = "\"WishList/Preview Content\"";
				DEVELOPMENT_TEAM = F3QT4Z4R2K;
				ENABLE_PREVIEWS = YES;
				GENERATE_INFOPLIST_FILE = YES;
				INFOPLIST_FILE = WishList/Info.plist;
				INFOPLIST_KEY_UIApplicationSceneManifest_Generation = YES;
				INFOPLIST_KEY_UIApplicationSupportsIndirectInputEvents = YES;
				INFOPLIST_KEY_UILaunchScreen_Generation = YES;
				INFOPLIST_KEY_UISupportedInterfaceOrientations_iPad = "UIInterfaceOrientationPortrait UIInterfaceOrientationPortraitUpsideDown UIInterfaceOrientationLandscapeLeft UIInterfaceOrientationLandscapeRight";
				INFOPLIST_KEY_UISupportedInterfaceOrientations_iPhone = "UIInterfaceOrientationPortrait UIInterfaceOrientationLandscapeLeft UIInterfaceOrientationLandscapeRight";
				LD_RUNPATH_SEARCH_PATHS = (
					"$(inherited)",
					"@executable_path/Frameworks",
				);
				MARKETING_VERSION = 1.0;
				PRODUCT_BUNDLE_IDENTIFIER = com.quentin.WishList;
				PRODUCT_NAME = "$(TARGET_NAME)";
				SWIFT_EMIT_LOC_STRINGS = YES;
				SWIFT_VERSION = 5.0;
				TARGETED_DEVICE_FAMILY = "1,2";
			};
			name = Release;
		};
/* End XCBuildConfiguration section */

/* Begin XCConfigurationList section */
		6498DD5A2AE2B021001D18A4 /* Build configuration list for PBXProject "WishList" */ = {
			isa = XCConfigurationList;
			buildConfigurations = (
				6498DD6B2AE2B022001D18A4 /* Debug */,
				6498DD6C2AE2B022001D18A4 /* Release */,
			);
			defaultConfigurationIsVisible = 0;
			defaultConfigurationName = Release;
		};
		6498DD6D2AE2B022001D18A4 /* Build configuration list for PBXNativeTarget "WishList" */ = {
			isa = XCConfigurationList;
			buildConfigurations = (
				6498DD6E2AE2B022001D18A4 /* Debug */,
				6498DD6F2AE2B022001D18A4 /* Release */,
			);
			defaultConfigurationIsVisible = 0;
			defaultConfigurationName = Release;
		};
/* End XCConfigurationList section */

/* Begin XCRemoteSwiftPackageReference section */
		6498DD732AE2B2E2001D18A4 /* XCRemoteSwiftPackageReference "firebase-ios-sdk" */ = {
			isa = XCRemoteSwiftPackageReference;
			repositoryURL = "https://github.com/firebase/firebase-ios-sdk";
			requirement = {
				kind = upToNextMajorVersion;
				minimumVersion = 10.16.0;
			};
		};
/* End XCRemoteSwiftPackageReference section */

/* Begin XCSwiftPackageProductDependency section */
		6498DD742AE2B2E2001D18A4 /* FirebaseAnalytics */ = {
			isa = XCSwiftPackageProductDependency;
			package = 6498DD732AE2B2E2001D18A4 /* XCRemoteSwiftPackageReference "firebase-ios-sdk" */;
			productName = FirebaseAnalytics;
		};
		6498DD762AE2B2E2001D18A4 /* FirebaseAuth */ = {
			isa = XCSwiftPackageProductDependency;
			package = 6498DD732AE2B2E2001D18A4 /* XCRemoteSwiftPackageReference "firebase-ios-sdk" */;
			productName = FirebaseAuth;
		};
		6498DD782AE2B2E2001D18A4 /* FirebaseDatabase */ = {
			isa = XCSwiftPackageProductDependency;
			package = 6498DD732AE2B2E2001D18A4 /* XCRemoteSwiftPackageReference "firebase-ios-sdk" */;
			productName = FirebaseDatabase;
		};
/* End XCSwiftPackageProductDependency section */
	};
	rootObject = 6498DD572AE2B021001D18A4 /* Project object */;
}
